dependencies:
- name: mariadb
  repository: https://charts.bitnami.com/bitnami
  version: 11.4.6
- name: elasticsearch
  repository: https://charts.bitnami.com/bitnami
  version: 19.10.6
- name: mongodb
  repository: https://charts.bitnami.com/bitnami
  version: 13.6.7
- name: postgresql-ha
  repository: https://charts.bitnami.com/bitnami
  version: 11.1.2
- name: mariadb-galera
  repository: https://charts.bitnami.com/bitnami
  version: 7.4.14
digest: sha256:8a5a9f6f0eee816526065d3504b13a9bd573040f2afff8a94331a5f9243e8647
generated: "2023-08-18T22:50:55.9181307-06:00"
