dependencies:
- name: mariadb
  repository: https://charts.bitnami.com/bitnami
  version: 11.4.7
- name: postgresql
  repository: https://charts.bitnami.com/bitnami
  version: 12.2.2
- name: postgresql-ha
  repository: https://charts.bitnami.com/bitnami
  version: 11.1.2
- name: mongodb
  repository: https://charts.bitnami.com/bitnami
  version: 13.6.7
- name: mariadb-galera
  repository: https://charts.bitnami.com/bitnami
  version: 7.4.14
- name: prometheus-elasticsearch-exporter
  repository: https://prometheus-community.github.io/helm-charts
  version: 5.0.0
digest: sha256:778f1e16cb26bfb823b2c81c47d067e4a3199930c0651119dcd52bbf89938c1f
generated: "2023-09-08T18:36:14.46703448-06:00"
